{
  "lockfileVersion": 1,
  "configVersion": 1,
  "workspaces": {
    "": {
      "name": "drawspec",
      "devDependencies": {
        "@changesets/cli": "latest",
        "@drawspec/architecture": "workspace:*",
        "@drawspec/cli": "workspace:*",
        "@drawspec/core": "workspace:*",
        "@drawspec/layout": "workspace:*",
        "@drawspec/renderer-svg": "workspace:*",
        "@drawspec/testkit": "workspace:*",
        "@drawspec/uml-component": "workspace:*",
        "@drawspec/uml-sequence": "workspace:*",
        "@drawspec/validation": "workspace:*",
        "typescript": "latest",
      },
    },
    "packages/architecture": {
      "name": "@drawspec/architecture",
      "version": "0.0.1",
      "dependencies": {
        "@drawspec/core": "workspace:*",
      },
      "devDependencies": {
        "typescript": "latest",
      },
    },
    "packages/cli": {
      "name": "@drawspec/cli",
      "version": "0.0.1",
      "bin": {
        "drawspec": "./dist/index.js",
        "ds": "./dist/index.js",
        "dspec": "./dist/index.js",
      },
      "dependencies": {
        "@drawspec/architecture": "workspace:*",
        "@drawspec/core": "workspace:*",
        "@drawspec/layout": "workspace:*",
        "@drawspec/renderer-svg": "workspace:*",
        "@drawspec/uml-sequence": "workspace:*",
        "@drawspec/validation": "workspace:*",
      },
      "devDependencies": {
        "typescript": "latest",
      },
    },
    "packages/core": {
      "name": "@drawspec/core",
      "version": "0.0.1",
      "devDependencies": {
        "typescript": "latest",
      },
    },
    "packages/layout": {
      "name": "@drawspec/layout",
      "version": "0.0.1",
      "dependencies": {
        "@drawspec/core": "workspace:*",
      },
      "devDependencies": {
        "typescript": "latest",
      },
    },
    "packages/renderer-svg": {
      "name": "@drawspec/renderer-svg",
      "version": "0.0.1",
      "dependencies": {
        "@drawspec/core": "workspace:*",
        "@drawspec/layout": "workspace:*",
      },
      "devDependencies": {
        "typescript": "latest",
      },
    },
    "packages/testkit": {
      "name": "@drawspec/testkit",
      "version": "0.0.1",
      "dependencies": {
        "@drawspec/architecture": "workspace:*",
        "@drawspec/core": "workspace:*",
        "@drawspec/layout": "workspace:*",
        "@drawspec/renderer-svg": "workspace:*",
        "@drawspec/validation": "workspace:*",
      },
      "devDependencies": {
        "typescript": "latest",
      },
    },
    "packages/uml-class": {
      "name": "@drawspec/uml-class",
      "version": "0.0.1",
      "dependencies": {
        "@drawspec/core": "workspace:*",
      },
      "devDependencies": {
        "@drawspec/layout": "workspace:*",
        "@drawspec/renderer-svg": "workspace:*",
        "typescript": "latest",
      },
    },
    "packages/uml-component": {
      "name": "@drawspec/uml-component",
      "version": "0.0.1",
      "dependencies": {
        "@drawspec/core": "workspace:*",
      },
      "devDependencies": {
        "@drawspec/layout": "workspace:*",
        "@drawspec/renderer-svg": "workspace:*",
        "typescript": "latest",
      },
    },
    "packages/uml-deployment": {
      "name": "@drawspec/uml-deployment",
      "version": "0.0.1",
      "dependencies": {
        "@drawspec/core": "workspace:*",
      },
      "devDependencies": {
        "typescript": "latest",
      },
    },
    "packages/uml-sequence": {
      "name": "@drawspec/uml-sequence",
      "version": "0.0.1",
      "dependencies": {
        "@drawspec/core": "workspace:*",
      },
      "devDependencies": {
        "typescript": "latest",
      },
    },
    "packages/validation": {
      "name": "@drawspec/validation",
      "version": "0.0.1",
      "dependencies": {
        "@drawspec/core": "workspace:*",
      },
      "devDependencies": {
        "typescript": "latest",
      },
    },
    "packages/viewer": {
      "name": "@drawspec/viewer",
      "version": "0.0.1",
      "dependencies": {
        "@drawspec/core": "workspace:*",
        "@drawspec/layout": "workspace:*",
        "@drawspec/renderer-svg": "workspace:*",
      },
      "devDependencies": {
        "svelte": "latest",
        "typescript": "latest",
      },
    },
  },
  "packages": {
    "@babel/runtime": ["@babel/runtime@7.29.2", "", {}, "sha512-JiDShH45zKHWyGe4ZNVRrCjBz8Nh9TMmZG1kh4QTK8hCBTWBi8Da+i7s1fJw7/lYpM4ccepSNfqzZ/QvABBi5g=="],

    "@changesets/apply-release-plan": ["@changesets/apply-release-plan@7.1.1", "", { "dependencies": { "@changesets/config": "^3.1.4", "@changesets/get-version-range-type": "^0.4.0", "@changesets/git": "^3.0.4", "@changesets/should-skip-package": "^0.1.2", "@changesets/types": "^6.1.0", "@manypkg/get-packages": "^1.1.3", "detect-indent": "^6.0.0", "fs-extra": "^7.0.1", "lodash.startcase": "^4.4.0", "outdent": "^0.5.0", "prettier": "^2.7.1", "resolve-from": "^5.0.0", "semver": "^7.5.3" } }, "sha512-9qPCm/rLx/xoOFXIHGB229+4GOL76S4MC+7tyOuTsR6+1jYlfFDQORdvwR5hDA6y4FL2BPt3qpbcQIS+dW85LA=="],

    "@changesets/assemble-release-plan": ["@changesets/assemble-release-plan@6.0.10", "", { "dependencies": { "@changesets/errors": "^0.2.0", "@changesets/get-dependents-graph": "^2.1.4", "@changesets/should-skip-package": "^0.1.2", "@changesets/types": "^6.1.0", "@manypkg/get-packages": "^1.1.3", "semver": "^7.5.3" } }, "sha512-rSDcqdJ9KbVyjpBIuCidhvZNIiVt1XaIYp73ycVQRIA5n/j6wQaEk0ChRLMUQ1vkxZe51PTQ9OIhbg6HQMW45A=="],

    "@changesets/changelog-git": ["@changesets/changelog-git@0.2.1", "", { "dependencies": { "@changesets/types": "^6.1.0" } }, "sha512-x/xEleCFLH28c3bQeQIyeZf8lFXyDFVn1SgcBiR2Tw/r4IAWlk1fzxCEZ6NxQAjF2Nwtczoen3OA2qR+UawQ8Q=="],

    "@changesets/cli": ["@changesets/cli@2.31.0", "", { "dependencies": { "@changesets/apply-release-plan": "^7.1.1", "@changesets/assemble-release-plan": "^6.0.10", "@changesets/changelog-git": "^0.2.1", "@changesets/config": "^3.1.4", "@changesets/errors": "^0.2.0", "@changesets/get-dependents-graph": "^2.1.4", "@changesets/get-release-plan": "^4.0.16", "@changesets/git": "^3.0.4", "@changesets/logger": "^0.1.1", "@changesets/pre": "^2.0.2", "@changesets/read": "^0.6.7", "@changesets/should-skip-package": "^0.1.2", "@changesets/types": "^6.1.0", "@changesets/write": "^0.4.0", "@inquirer/external-editor": "^1.0.2", "@manypkg/get-packages": "^1.1.3", "ansi-colors": "^4.1.3", "enquirer": "^2.4.1", "fs-extra": "^7.0.1", "mri": "^1.2.0", "package-manager-detector": "^0.2.0", "picocolors": "^1.1.0", "resolve-from": "^5.0.0", "semver": "^7.5.3", "spawndamnit": "^3.0.1", "term-size": "^2.1.0" }, "bin": { "changeset": "bin.js" } }, "sha512-AhI4enNTgHu2IZr6K4WZyf0EPch4XVMn1yOMFmCD9gsfBGqMYaHXls5HyDv6/CL5axVQABz68eG30eCtbr2wFg=="],

    "@changesets/config": ["@changesets/config@3.1.4", "", { "dependencies": { "@changesets/errors": "^0.2.0", "@changesets/get-dependents-graph": "^2.1.4", "@changesets/logger": "^0.1.1", "@changesets/should-skip-package": "^0.1.2", "@changesets/types": "^6.1.0", "@manypkg/get-packages": "^1.1.3", "fs-extra": "^7.0.1", "micromatch": "^4.0.8" } }, "sha512-pf0bvD/v6WI2cRlZ6hzpjtZdSlXDXMAJ+Iz7xfFzV4ZxJ8OGGAON+1qYc99ZPrijnt4xp3VGG7eNvAOGS24V1Q=="],

    "@changesets/errors": ["@changesets/errors@0.2.0", "", { "dependencies": { "extendable-error": "^0.1.5" } }, "sha512-6BLOQUscTpZeGljvyQXlWOItQyU71kCdGz7Pi8H8zdw6BI0g3m43iL4xKUVPWtG+qrrL9DTjpdn8eYuCQSRpow=="],

    "@changesets/get-dependents-graph": ["@changesets/get-dependents-graph@2.1.4", "", { "dependencies": { "@changesets/types": "^6.1.0", "@manypkg/get-packages": "^1.1.3", "picocolors": "^1.1.0", "semver": "^7.5.3" } }, "sha512-ZsS00x6WvmHq3sQv8oCMwL0f/z3wbXCVuSVTJwCnnmbC/iBdNJGFx1EcbMG4PC6sXRyH69liM4A2WKXzn/kRPg=="],

    "@changesets/get-release-plan": ["@changesets/get-release-plan@4.0.16", "", { "dependencies": { "@changesets/assemble-release-plan": "^6.0.10", "@changesets/config": "^3.1.4", "@changesets/pre": "^2.0.2", "@changesets/read": "^0.6.7", "@changesets/types": "^6.1.0", "@manypkg/get-packages": "^1.1.3" } }, "sha512-2K5Om6CrMPm45rtvckfzWo7e9jOVCKLCnXia5eUPaURH7/LWzri7pK1TycdzAuAtehLkW7VPbWLCSExTHmiI6g=="],

    "@changesets/get-version-range-type": ["@changesets/get-version-range-type@0.4.0", "", {}, "sha512-hwawtob9DryoGTpixy1D3ZXbGgJu1Rhr+ySH2PvTLHvkZuQ7sRT4oQwMh0hbqZH1weAooedEjRsbrWcGLCeyVQ=="],

    "@changesets/git": ["@changesets/git@3.0.4", "", { "dependencies": { "@changesets/errors": "^0.2.0", "@manypkg/get-packages": "^1.1.3", "is-subdir": "^1.1.1", "micromatch": "^4.0.8", "spawndamnit": "^3.0.1" } }, "sha512-BXANzRFkX+XcC1q/d27NKvlJ1yf7PSAgi8JG6dt8EfbHFHi4neau7mufcSca5zRhwOL8j9s6EqsxmT+s+/E6Sw=="],

    "@changesets/logger": ["@changesets/logger@0.1.1", "", { "dependencies": { "picocolors": "^1.1.0" } }, "sha512-OQtR36ZlnuTxKqoW4Sv6x5YIhOmClRd5pWsjZsddYxpWs517R0HkyiefQPIytCVh4ZcC5x9XaG8KTdd5iRQUfg=="],

    "@changesets/parse": ["@changesets/parse@0.4.3", "", { "dependencies": { "@changesets/types": "^6.1.0", "js-yaml": "^4.1.1" } }, "sha512-ZDmNc53+dXdWEv7fqIUSgRQOLYoUom5Z40gmLgmATmYR9NbL6FJJHwakcCpzaeCy+1D0m0n7mT4jj2B/MQPl7A=="],

    "@changesets/pre": ["@changesets/pre@2.0.2", "", { "dependencies": { "@changesets/errors": "^0.2.0", "@changesets/types": "^6.1.0", "@manypkg/get-packages": "^1.1.3", "fs-extra": "^7.0.1" } }, "sha512-HaL/gEyFVvkf9KFg6484wR9s0qjAXlZ8qWPDkTyKF6+zqjBe/I2mygg3MbpZ++hdi0ToqNUF8cjj7fBy0dg8Ug=="],

    "@changesets/read": ["@changesets/read@0.6.7", "", { "dependencies": { "@changesets/git": "^3.0.4", "@changesets/logger": "^0.1.1", "@changesets/parse": "^0.4.3", "@changesets/types": "^6.1.0", "fs-extra": "^7.0.1", "p-filter": "^2.1.0", "picocolors": "^1.1.0" } }, "sha512-D1G4AUYGrBEk8vj8MGwf75k9GpN6XL3wg8i42P2jZZwFLXnlr2Pn7r9yuQNbaMCarP7ZQWNJbV6XLeysAIMhTA=="],

    "@changesets/should-skip-package": ["@changesets/should-skip-package@0.1.2", "", { "dependencies": { "@changesets/types": "^6.1.0", "@manypkg/get-packages": "^1.1.3" } }, "sha512-qAK/WrqWLNCP22UDdBTMPH5f41elVDlsNyat180A33dWxuUDyNpg6fPi/FyTZwRriVjg0L8gnjJn2F9XAoF0qw=="],

    "@changesets/types": ["@changesets/types@6.1.0", "", {}, "sha512-rKQcJ+o1nKNgeoYRHKOS07tAMNd3YSN0uHaJOZYjBAgxfV7TUE7JE+z4BzZdQwb5hKaYbayKN5KrYV7ODb2rAA=="],

    "@changesets/write": ["@changesets/write@0.4.0", "", { "dependencies": { "@changesets/types": "^6.1.0", "fs-extra": "^7.0.1", "human-id": "^4.1.1", "prettier": "^2.7.1" } }, "sha512-CdTLvIOPiCNuH71pyDu3rA+Q0n65cmAbXnwWH84rKGiFumFzkmHNT8KHTMEchcxN+Kl8I54xGUhJ7l3E7X396Q=="],

    "@drawspec/architecture": ["@drawspec/architecture@workspace:packages/architecture"],

    "@drawspec/cli": ["@drawspec/cli@workspace:packages/cli"],

    "@drawspec/core": ["@drawspec/core@workspace:packages/core"],

    "@drawspec/layout": ["@drawspec/layout@workspace:packages/layout"],

    "@drawspec/renderer-svg": ["@drawspec/renderer-svg@workspace:packages/renderer-svg"],

    "@drawspec/testkit": ["@drawspec/testkit@workspace:packages/testkit"],

    "@drawspec/uml-class": ["@drawspec/uml-class@workspace:packages/uml-class"],

    "@drawspec/uml-component": ["@drawspec/uml-component@workspace:packages/uml-component"],

    "@drawspec/uml-deployment": ["@drawspec/uml-deployment@workspace:packages/uml-deployment"],

    "@drawspec/uml-sequence": ["@drawspec/uml-sequence@workspace:packages/uml-sequence"],

    "@drawspec/validation": ["@drawspec/validation@workspace:packages/validation"],

    "@drawspec/viewer": ["@drawspec/viewer@workspace:packages/viewer"],

    "@inquirer/external-editor": ["@inquirer/external-editor@1.0.3", "", { "dependencies": { "chardet": "^2.1.1", "iconv-lite": "^0.7.0" }, "peerDependencies": { "@types/node": ">=18" }, "optionalPeers": ["@types/node"] }, "sha512-RWbSrDiYmO4LbejWY7ttpxczuwQyZLBUyygsA9Nsv95hpzUWwnNTVQmAq3xuh7vNwCp07UTmE5i11XAEExx4RA=="],

    "@jridgewell/gen-mapping": ["@jridgewell/gen-mapping@0.3.13", "", { "dependencies": { "@jridgewell/sourcemap-codec": "^1.5.0", "@jridgewell/trace-mapping": "^0.3.24" } }, "sha512-2kkt/7niJ6MgEPxF0bYdQ6etZaA+fQvDcLKckhy1yIQOzaoKjBBjSj63/aLVjYE3qhRt5dvM+uUyfCg6UKCBbA=="],

    "@jridgewell/remapping": ["@jridgewell/remapping@2.3.5", "", { "dependencies": { "@jridgewell/gen-mapping": "^0.3.5", "@jridgewell/trace-mapping": "^0.3.24" } }, "sha512-LI9u/+laYG4Ds1TDKSJW2YPrIlcVYOwi2fUC6xB43lueCjgxV4lffOCZCtYFiH6TNOX+tQKXx97T4IKHbhyHEQ=="],

    "@jridgewell/resolve-uri": ["@jridgewell/resolve-uri@3.1.2", "", {}, "sha512-bRISgCIjP20/tbWSPWMEi54QVPRZExkuD9lJL+UIxUKtwVJA8wW1Trb1jMs1RFXo1CBTNZ/5hpC9QvmKWdopKw=="],

    "@jridgewell/sourcemap-codec": ["@jridgewell/sourcemap-codec@1.5.5", "", {}, "sha512-cYQ9310grqxueWbl+WuIUIaiUaDcj7WOq5fVhEljNVgRfOUhY9fy2zTvfoqWsnebh8Sl70VScFbICvJnLKB0Og=="],

    "@jridgewell/trace-mapping": ["@jridgewell/trace-mapping@0.3.31", "", { "dependencies": { "@jridgewell/resolve-uri": "^3.1.0", "@jridgewell/sourcemap-codec": "^1.4.14" } }, "sha512-zzNR+SdQSDJzc8joaeP8QQoCQr8NuYx2dIIytl1QeBEZHJ9uW6hebsrYgbz8hJwUQao3TWCMtmfV8Nu1twOLAw=="],

    "@manypkg/find-root": ["@manypkg/find-root@1.1.0", "", { "dependencies": { "@babel/runtime": "^7.5.5", "@types/node": "^12.7.1", "find-up": "^4.1.0", "fs-extra": "^8.1.0" } }, "sha512-mki5uBvhHzO8kYYix/WRy2WX8S3B5wdVSc9D6KcU5lQNglP2yt58/VfLuAK49glRXChosY8ap2oJ1qgma3GUVA=="],

    "@manypkg/get-packages": ["@manypkg/get-packages@1.1.3", "", { "dependencies": { "@babel/runtime": "^7.5.5", "@changesets/types": "^4.0.1", "@manypkg/find-root": "^1.1.0", "fs-extra": "^8.1.0", "globby": "^11.0.0", "read-yaml-file": "^1.1.0" } }, "sha512-fo+QhuU3qE/2TQMQmbVMqaQ6EWbMhi4ABWP+O4AM1NqPBuy0OrApV5LO6BrrgnhtAHS2NH6RrVk9OL181tTi8A=="],

    "@nodelib/fs.scandir": ["@nodelib/fs.scandir@2.1.5", "", { "dependencies": { "@nodelib/fs.stat": "2.0.5", "run-parallel": "^1.1.9" } }, "sha512-vq24Bq3ym5HEQm2NKCr3yXDwjc7vTsEThRDnkp2DK9p1uqLR+DHurm/NOTo0KG7HYHU7eppKZj3MyqYuMBf62g=="],

    "@nodelib/fs.stat": ["@nodelib/fs.stat@2.0.5", "", {}, "sha512-RkhPPp2zrqDAQA/2jNhnztcPAlv64XdhIp7a7454A5ovI7Bukxgt7MX7udwAu3zg1DcpPU0rz3VV1SeaqvY4+A=="],

    "@nodelib/fs.walk": ["@nodelib/fs.walk@1.2.8", "", { "dependencies": { "@nodelib/fs.scandir": "2.1.5", "fastq": "^1.6.0" } }, "sha512-oGB+UxlgWcgQkgwo8GcEGwemoTFt3FIO9ababBmaGwXIoBKZ+GTy0pP185beGg7Llih/NSHSV2XAs1lnznocSg=="],

    "@sveltejs/acorn-typescript": ["@sveltejs/acorn-typescript@1.0.9", "", { "peerDependencies": { "acorn": "^8.9.0" } }, "sha512-lVJX6qEgs/4DOcRTpo56tmKzVPtoWAaVbL4hfO7t7NVwl9AAXzQR6cihesW1BmNMPl+bK6dreu2sOKBP2Q9CIA=="],

    "@types/estree": ["@types/estree@1.0.9", "", {}, "sha512-GhdPgy1el4/ImP05X05Uw4cw2/M93BCUmnEvWZNStlCzEKME4Fkk+YpoA5OiHNQmoS7Cafb8Xa3Pya8m1Qrzeg=="],

    "@types/node": ["@types/node@12.20.55", "", {}, "sha512-J8xLz7q2OFulZ2cyGTLE1TbbZcjpno7FaN6zdJNrgAdrJ+DZzh/uFR6YrTb4C+nXakvud8Q4+rbhoIWlYQbUFQ=="],

    "@types/trusted-types": ["@types/trusted-types@2.0.7", "", {}, "sha512-ScaPdn1dQczgbl0QFTeTOmVHFULt394XJgOQNoyVhZ6r2vLnMLJfBPd53SB52T/3G36VI1/g2MZaX0cwDuXsfw=="],

    "acorn": ["acorn@8.16.0", "", { "bin": { "acorn": "bin/acorn" } }, "sha512-UVJyE9MttOsBQIDKw1skb9nAwQuR5wuGD3+82K6JgJlm/Y+KI92oNsMNGZCYdDsVtRHSak0pcV5Dno5+4jh9sw=="],

    "ansi-colors": ["ansi-colors@4.1.3", "", {}, "sha512-/6w/C21Pm1A7aZitlI5Ni/2J6FFQN8i1Cvz3kHABAAbw93v/NlvKdVOqz7CCWz/3iv/JplRSEEZ83XION15ovw=="],

    "ansi-regex": ["ansi-regex@5.0.1", "", {}, "sha512-quJQXlTSUGL2LH9SUXo8VwsY4soanhgo6LNSm84E1LBcE8s3O0wpdiRzyR9z/ZZJMlMWv37qOOb9pdJlMUEKFQ=="],

    "argparse": ["argparse@2.0.1", "", {}, "sha512-8+9WqebbFzpX9OR+Wa6O29asIogeRMzcGtAINdpMHHyAg10f05aSFVBbcEqGf/PXw1EjAZ+q2/bEBg3DvurK3Q=="],

    "aria-query": ["aria-query@5.3.1", "", {}, "sha512-Z/ZeOgVl7bcSYZ/u/rh0fOpvEpq//LZmdbkXyc7syVzjPAhfOa9ebsdTSjEBDU4vs5nC98Kfduj1uFo0qyET3g=="],

    "array-union": ["array-union@2.1.0", "", {}, "sha512-HGyxoOTYUyCM6stUe6EJgnd4EoewAI7zMdfqO+kGjnlZmBDz/cR5pf8r/cR4Wq60sL/p0IkcjUEEPwS3GFrIyw=="],

    "axobject-query": ["axobject-query@4.1.0", "", {}, "sha512-qIj0G9wZbMGNLjLmg1PT6v2mE9AH2zlnADJD/2tC6E00hgmhUOfEB6greHPAfLRSufHqROIUTkw6E+M3lH0PTQ=="],

    "better-path-resolve": ["better-path-resolve@1.0.0", "", { "dependencies": { "is-windows": "^1.0.0" } }, "sha512-pbnl5XzGBdrFU/wT4jqmJVPn2B6UHPBOhzMQkY/SPUPB6QtUXtmBHBIwCbXJol93mOpGMnQyP/+BB19q04xj7g=="],

    "braces": ["braces@3.0.3", "", { "dependencies": { "fill-range": "^7.1.1" } }, "sha512-yQbXgO/OSZVD2IsiLlro+7Hf6Q18EJrKSEsdoMzKePKXct3gvD8oLcOQdIzGupr5Fj+EDe8gO/lxc1BzfMpxvA=="],

    "chardet": ["chardet@2.1.1", "", {}, "sha512-PsezH1rqdV9VvyNhxxOW32/d75r01NY7TQCmOqomRo15ZSOKbpTFVsfjghxo6JloQUCGnH4k1LGu0R4yCLlWQQ=="],

    "clsx": ["clsx@2.1.1", "", {}, "sha512-eYm0QWBtUrBWZWG0d386OGAw16Z995PiOVo2B7bjWSbHedGl5e0ZWaq65kOGgUSNesEIDkB9ISbTg/JK9dhCZA=="],

    "cross-spawn": ["cross-spawn@7.0.6", "", { "dependencies": { "path-key": "^3.1.0", "shebang-command": "^2.0.0", "which": "^2.0.1" } }, "sha512-uV2QOWP2nWzsy2aMp8aRibhi9dlzF5Hgh5SHaB9OiTGEyDTiJJyx0uy51QXdyWbtAHNua4XJzUKca3OzKUd3vA=="],

    "detect-indent": ["detect-indent@6.1.0", "", {}, "sha512-reYkTUJAZb9gUuZ2RvVCNhVHdg62RHnJ7WJl8ftMi4diZ6NWlciOzQN88pUhSELEwflJht4oQDv0F0BMlwaYtA=="],

    "devalue": ["devalue@5.8.1", "", {}, "sha512-4CXDYRBGqN+57wVJkuXBYmpAVUSg3L6JAQa/DFqm238G73E1wuyc/JhGQJzN7vUf/CMphYau2zXbfWzDR5aTEw=="],

    "dir-glob": ["dir-glob@3.0.1", "", { "dependencies": { "path-type": "^4.0.0" } }, "sha512-WkrWp9GR4KXfKGYzOLmTuGVi1UWFfws377n9cc55/tb6DuqyF6pcQ5AbiHEshaDpY9v6oaSr2XCDidGmMwdzIA=="],

    "enquirer": ["enquirer@2.4.1", "", { "dependencies": { "ansi-colors": "^4.1.1", "strip-ansi": "^6.0.1" } }, "sha512-rRqJg/6gd538VHvR3PSrdRBb/1Vy2YfzHqzvbhGIQpDRKIa4FgV/54b5Q1xYSxOOwKvjXweS26E0Q+nAMwp2pQ=="],

    "esm-env": ["esm-env@1.2.2", "", {}, "sha512-Epxrv+Nr/CaL4ZcFGPJIYLWFom+YeV1DqMLHJoEd9SYRxNbaFruBwfEX/kkHUJf55j2+TUbmDcmuilbP1TmXHA=="],

    "esprima": ["esprima@4.0.1", "", { "bin": { "esparse": "./bin/esparse.js", "esvalidate": "./bin/esvalidate.js" } }, "sha512-eGuFFw7Upda+g4p+QHvnW0RyTX/SVeJBDM/gCtMARO0cLuT2HcEKnTPvhjV6aGeqrCB/sbNop0Kszm0jsaWU4A=="],

    "esrap": ["esrap@2.2.9", "", { "dependencies": { "@jridgewell/sourcemap-codec": "^1.4.15" }, "peerDependencies": { "@typescript-eslint/types": "^8.2.0" }, "optionalPeers": ["@typescript-eslint/types"] }, "sha512-4KijP+NxCWthMCUC3qHbE6n4vCjqgJS1uAYKhuT/GWfFTf1Qyive2TgOjep+gzbSzRfnNyaN/UU9YmdOt8Eg0A=="],

    "extendable-error": ["extendable-error@0.1.7", "", {}, "sha512-UOiS2in6/Q0FK0R0q6UY9vYpQ21mr/Qn1KOnte7vsACuNJf514WvCCUHSRCPcgjPT2bAhNIJdlE6bVap1GKmeg=="],

    "fast-glob": ["fast-glob@3.3.3", "", { "dependencies": { "@nodelib/fs.stat": "^2.0.2", "@nodelib/fs.walk": "^1.2.3", "glob-parent": "^5.1.2", "merge2": "^1.3.0", "micromatch": "^4.0.8" } }, "sha512-7MptL8U0cqcFdzIzwOTHoilX9x5BrNqye7Z/LuC7kCMRio1EMSyqRK3BEAUD7sXRq4iT4AzTVuZdhgQ2TCvYLg=="],

    "fastq": ["fastq@1.20.1", "", { "dependencies": { "reusify": "^1.0.4" } }, "sha512-GGToxJ/w1x32s/D2EKND7kTil4n8OVk/9mycTc4VDza13lOvpUZTGX3mFSCtV9ksdGBVzvsyAVLM6mHFThxXxw=="],

    "fill-range": ["fill-range@7.1.1", "", { "dependencies": { "to-regex-range": "^5.0.1" } }, "sha512-YsGpe3WHLK8ZYi4tWDg2Jy3ebRz2rXowDxnld4bkQB00cc/1Zw9AWnC0i9ztDJitivtQvaI9KaLyKrc+hBW0yg=="],

    "find-up": ["find-up@4.1.0", "", { "dependencies": { "locate-path": "^5.0.0", "path-exists": "^4.0.0" } }, "sha512-PpOwAdQ/YlXQ2vj8a3h8IipDuYRi3wceVQQGYWxNINccq40Anw7BlsEXCMbt1Zt+OLA6Fq9suIpIWD0OsnISlw=="],

    "fs-extra": ["fs-extra@7.0.1", "", { "dependencies": { "graceful-fs": "^4.1.2", "jsonfile": "^4.0.0", "universalify": "^0.1.0" } }, "sha512-YJDaCJZEnBmcbw13fvdAM9AwNOJwOzrE4pqMqBq5nFiEqXUqHwlK4B+3pUw6JNvfSPtX05xFHtYy/1ni01eGCw=="],

    "glob-parent": ["glob-parent@5.1.2", "", { "dependencies": { "is-glob": "^4.0.1" } }, "sha512-AOIgSQCepiJYwP3ARnGx+5VnTu2HBYdzbGP45eLw1vr3zB3vZLeyed1sC9hnbcOc9/SrMyM5RPQrkGz4aS9Zow=="],

    "globby": ["globby@11.1.0", "", { "dependencies": { "array-union": "^2.1.0", "dir-glob": "^3.0.1", "fast-glob": "^3.2.9", "ignore": "^5.2.0", "merge2": "^1.4.1", "slash": "^3.0.0" } }, "sha512-jhIXaOzy1sb8IyocaruWSn1TjmnBVs8Ayhcy83rmxNJ8q2uWKCAj3CnJY+KpGSXCueAPc0i05kVvVKtP1t9S3g=="],

    "graceful-fs": ["graceful-fs@4.2.11", "", {}, "sha512-RbJ5/jmFcNNCcDV5o9eTnBLJ/HszWV0P73bc+Ff4nS/rJj+YaS6IGyiOL0VoBYX+l1Wrl3k63h/KrH+nhJ0XvQ=="],

    "human-id": ["human-id@4.1.3", "", { "bin": { "human-id": "dist/cli.js" } }, "sha512-tsYlhAYpjCKa//8rXZ9DqKEawhPoSytweBC2eNvcaDK+57RZLHGqNs3PZTQO6yekLFSuvA6AlnAfrw1uBvtb+Q=="],

    "iconv-lite": ["iconv-lite@0.7.2", "", { "dependencies": { "safer-buffer": ">= 2.1.2 < 3.0.0" } }, "sha512-im9DjEDQ55s9fL4EYzOAv0yMqmMBSZp6G0VvFyTMPKWxiSBHUj9NW/qqLmXUwXrrM7AvqSlTCfvqRb0cM8yYqw=="],

    "ignore": ["ignore@5.3.2", "", {}, "sha512-hsBTNUqQTDwkWtcdYI2i06Y/nUBEsNEDJKjWdigLvegy8kDuJAS8uRlpkkcQpyEXL0Z/pjDy5HBmMjRCJ2gq+g=="],

    "is-extglob": ["is-extglob@2.1.1", "", {}, "sha512-SbKbANkN603Vi4jEZv49LeVJMn4yGwsbzZworEoyEiutsN3nJYdbO36zfhGJ6QEDpOZIFkDtnq5JRxmvl3jsoQ=="],

    "is-glob": ["is-glob@4.0.3", "", { "dependencies": { "is-extglob": "^2.1.1" } }, "sha512-xelSayHH36ZgE7ZWhli7pW34hNbNl8Ojv5KVmkJD4hBdD3th8Tfk9vYasLM+mXWOZhFkgZfxhLSnrwRr4elSSg=="],

    "is-number": ["is-number@7.0.0", "", {}, "sha512-41Cifkg6e8TylSpdtTpeLVMqvSBEVzTttHvERD741+pnZ8ANv0004MRL43QKPDlK9cGvNp6NZWZUBlbGXYxxng=="],

    "is-reference": ["is-reference@3.0.3", "", { "dependencies": { "@types/estree": "^1.0.6" } }, "sha512-ixkJoqQvAP88E6wLydLGGqCJsrFUnqoH6HnaczB8XmDH1oaWU+xxdptvikTgaEhtZ53Ky6YXiBuUI2WXLMCwjw=="],

    "is-subdir": ["is-subdir@1.2.0", "", { "dependencies": { "better-path-resolve": "1.0.0" } }, "sha512-2AT6j+gXe/1ueqbW6fLZJiIw3F8iXGJtt0yDrZaBhAZEG1raiTxKWU+IPqMCzQAXOUCKdA4UDMgacKH25XG2Cw=="],

    "is-windows": ["is-windows@1.0.2", "", {}, "sha512-eXK1UInq2bPmjyX6e3VHIzMLobc4J94i4AWn+Hpq3OU5KkrRC96OAcR3PRJ/pGu6m8TRnBHP9dkXQVsT/COVIA=="],

    "isexe": ["isexe@2.0.0", "", {}, "sha512-RHxMLp9lnKHGHRng9QFhRCMbYAcVpn69smSGcq3f36xjgVVWThj4qqLbTLlq7Ssj8B+fIQ1EuCEGI2lKsyQeIw=="],

    "js-yaml": ["js-yaml@4.1.1", "", { "dependencies": { "argparse": "^2.0.1" }, "bin": { "js-yaml": "bin/js-yaml.js" } }, "sha512-qQKT4zQxXl8lLwBtHMWwaTcGfFOZviOJet3Oy/xmGk2gZH677CJM9EvtfdSkgWcATZhj/55JZ0rmy3myCT5lsA=="],

    "jsonfile": ["jsonfile@4.0.0", "", { "optionalDependencies": { "graceful-fs": "^4.1.6" } }, "sha512-m6F1R3z8jjlf2imQHS2Qez5sjKWQzbuuhuJ/FKYFRZvPE3PuHcSMVZzfsLhGVOkfd20obL5SWEBew5ShlquNxg=="],

    "locate-character": ["locate-character@3.0.0", "", {}, "sha512-SW13ws7BjaeJ6p7Q6CO2nchbYEc3X3J6WrmTTDto7yMPqVSZTUyY5Tjbid+Ab8gLnATtygYtiDIJGQRRn2ZOiA=="],

    "locate-path": ["locate-path@5.0.0", "", { "dependencies": { "p-locate": "^4.1.0" } }, "sha512-t7hw9pI+WvuwNJXwk5zVHpyhIqzg2qTlklJOf0mVxGSbe3Fp2VieZcduNYjaLDoy6p9uGpQEGWG87WpMKlNq8g=="],

    "lodash.startcase": ["lodash.startcase@4.4.0", "", {}, "sha512-+WKqsK294HMSc2jEbNgpHpd0JfIBhp7rEV4aqXWqFr6AlXov+SlcgB1Fv01y2kGe3Gc8nMW7VA0SrGuSkRfIEg=="],

    "magic-string": ["magic-string@0.30.21", "", { "dependencies": { "@jridgewell/sourcemap-codec": "^1.5.5" } }, "sha512-vd2F4YUyEXKGcLHoq+TEyCjxueSeHnFxyyjNp80yg0XV4vUhnDer/lvvlqM/arB5bXQN5K2/3oinyCRyx8T2CQ=="],

    "merge2": ["merge2@1.4.1", "", {}, "sha512-8q7VEgMJW4J8tcfVPy8g09NcQwZdbwFEqhe/WZkoIzjn/3TGDwtOCYtXGxA3O8tPzpczCCDgv+P2P5y00ZJOOg=="],

    "micromatch": ["micromatch@4.0.8", "", { "dependencies": { "braces": "^3.0.3", "picomatch": "^2.3.1" } }, "sha512-PXwfBhYu0hBCPw8Dn0E+WDYb7af3dSLVWKi3HGv84IdF4TyFoC0ysxFd0Goxw7nSv4T/PzEJQxsYsEiFCKo2BA=="],

    "mri": ["mri@1.2.0", "", {}, "sha512-tzzskb3bG8LvYGFF/mDTpq3jpI6Q9wc3LEmBaghu+DdCssd1FakN7Bc0hVNmEyGq1bq3RgfkCb3cmQLpNPOroA=="],

    "outdent": ["outdent@0.5.0", "", {}, "sha512-/jHxFIzoMXdqPzTaCpFzAAWhpkSjZPF4Vsn6jAfNpmbH/ymsmd7Qc6VE9BGn0L6YMj6uwpQLxCECpus4ukKS9Q=="],

    "p-filter": ["p-filter@2.1.0", "", { "dependencies": { "p-map": "^2.0.0" } }, "sha512-ZBxxZ5sL2HghephhpGAQdoskxplTwr7ICaehZwLIlfL6acuVgZPm8yBNuRAFBGEqtD/hmUeq9eqLg2ys9Xr/yw=="],

    "p-limit": ["p-limit@2.3.0", "", { "dependencies": { "p-try": "^2.0.0" } }, "sha512-//88mFWSJx8lxCzwdAABTJL2MyWB12+eIY7MDL2SqLmAkeKU9qxRvWuSyTjm3FUmpBEMuFfckAIqEaVGUDxb6w=="],

    "p-locate": ["p-locate@4.1.0", "", { "dependencies": { "p-limit": "^2.2.0" } }, "sha512-R79ZZ/0wAxKGu3oYMlz8jy/kbhsNrS7SKZ7PxEHBgJ5+F2mtFW2fK2cOtBh1cHYkQsbzFV7I+EoRKe6Yt0oK7A=="],

    "p-map": ["p-map@2.1.0", "", {}, "sha512-y3b8Kpd8OAN444hxfBbFfj1FY/RjtTd8tzYwhUqNYXx0fXx2iX4maP4Qr6qhIKbQXI02wTLAda4fYUbDagTUFw=="],

    "p-try": ["p-try@2.2.0", "", {}, "sha512-R4nPAVTAU0B9D35/Gk3uJf/7XYbQcyohSKdvAxIRSNghFl4e71hVoGnBNQz9cWaXxO2I10KTC+3jMdvvoKw6dQ=="],

    "package-manager-detector": ["package-manager-detector@0.2.11", "", { "dependencies": { "quansync": "^0.2.7" } }, "sha512-BEnLolu+yuz22S56CU1SUKq3XC3PkwD5wv4ikR4MfGvnRVcmzXR9DwSlW2fEamyTPyXHomBJRzgapeuBvRNzJQ=="],

    "path-exists": ["path-exists@4.0.0", "", {}, "sha512-ak9Qy5Q7jYb2Wwcey5Fpvg2KoAc/ZIhLSLOSBmRmygPsGwkVVt0fZa0qrtMz+m6tJTAHfZQ8FnmB4MG4LWy7/w=="],

    "path-key": ["path-key@3.1.1", "", {}, "sha512-ojmeN0qd+y0jszEtoY48r0Peq5dwMEkIlCOu6Q5f41lfkswXuKtYrhgoTpLnyIcHm24Uhqx+5Tqm2InSwLhE6Q=="],

    "path-type": ["path-type@4.0.0", "", {}, "sha512-gDKb8aZMDeD/tZWs9P6+q0J9Mwkdl6xMV8TjnGP3qJVJ06bdMgkbBlLU8IdfOsIsFz2BW1rNVT3XuNEl8zPAvw=="],

    "picocolors": ["picocolors@1.1.1", "", {}, "sha512-xceH2snhtb5M9liqDsmEw56le376mTZkEX/jEb/RxNFyegNul7eNslCXP9FDj/Lcu0X8KEyMceP2ntpaHrDEVA=="],

    "picomatch": ["picomatch@2.3.2", "", {}, "sha512-V7+vQEJ06Z+c5tSye8S+nHUfI51xoXIXjHQ99cQtKUkQqqO1kO/KCJUfZXuB47h/YBlDhah2H3hdUGXn8ie0oA=="],

    "pify": ["pify@4.0.1", "", {}, "sha512-uB80kBFb/tfd68bVleG9T5GGsGPjJrLAUpR5PZIrhBnIaRTQRjqdJSsIKkOP6OAIFbj7GOrcudc5pNjZ+geV2g=="],

    "prettier": ["prettier@2.8.8", "", { "bin": { "prettier": "bin-prettier.js" } }, "sha512-tdN8qQGvNjw4CHbY+XXk0JgCXn9QiF21a55rBe5LJAU+kDyC4WQn4+awm2Xfk2lQMk5fKup9XgzTZtGkjBdP9Q=="],

    "quansync": ["quansync@0.2.11", "", {}, "sha512-AifT7QEbW9Nri4tAwR5M/uzpBuqfZf+zwaEM/QkzEjj7NBuFD2rBuy0K3dE+8wltbezDV7JMA0WfnCPYRSYbXA=="],

    "queue-microtask": ["queue-microtask@1.2.3", "", {}, "sha512-NuaNSa6flKT5JaSYQzJok04JzTL1CA6aGhv5rfLW3PgqA+M2ChpZQnAC8h8i4ZFkBS8X5RqkDBHA7r4hej3K9A=="],

    "read-yaml-file": ["read-yaml-file@1.1.0", "", { "dependencies": { "graceful-fs": "^4.1.5", "js-yaml": "^3.6.1", "pify": "^4.0.1", "strip-bom": "^3.0.0" } }, "sha512-VIMnQi/Z4HT2Fxuwg5KrY174U1VdUIASQVWXXyqtNRtxSr9IYkn1rsI6Tb6HsrHCmB7gVpNwX6JxPTHcH6IoTA=="],

    "resolve-from": ["resolve-from@5.0.0", "", {}, "sha512-qYg9KP24dD5qka9J47d0aVky0N+b4fTU89LN9iDnjB5waksiC49rvMB0PrUJQGoTmH50XPiqOvAjDfaijGxYZw=="],

    "reusify": ["reusify@1.1.0", "", {}, "sha512-g6QUff04oZpHs0eG5p83rFLhHeV00ug/Yf9nZM6fLeUrPguBTkTQOdpAWWspMh55TZfVQDPaN3NQJfbVRAxdIw=="],

    "run-parallel": ["run-parallel@1.2.0", "", { "dependencies": { "queue-microtask": "^1.2.2" } }, "sha512-5l4VyZR86LZ/lDxZTR6jqL8AFE2S0IFLMP26AbjsLVADxHdhB/c0GUsH+y39UfCi3dzz8OlQuPmnaJOMoDHQBA=="],

    "safer-buffer": ["safer-buffer@2.1.2", "", {}, "sha512-YZo3K82SD7Riyi0E1EQPojLz7kpepnSQI9IyPbHHg1XXXevb5dJI7tpyN2ADxGcQbHG7vcyRHk0cbwqcQriUtg=="],

    "semver": ["semver@7.8.0", "", { "bin": { "semver": "bin/semver.js" } }, "sha512-AcM7dV/5ul4EekoQ29Agm5vri8JNqRyj39o0qpX6vDF2GZrtutZl5RwgD1XnZjiTAfncsJhMI48QQH3sN87YNA=="],

    "shebang-command": ["shebang-command@2.0.0", "", { "dependencies": { "shebang-regex": "^3.0.0" } }, "sha512-kHxr2zZpYtdmrN1qDjrrX/Z1rR1kG8Dx+gkpK1G4eXmvXswmcE1hTWBWYUzlraYw1/yZp6YuDY77YtvbN0dmDA=="],

    "shebang-regex": ["shebang-regex@3.0.0", "", {}, "sha512-7++dFhtcx3353uBaq8DDR4NuxBetBzC7ZQOhmTQInHEd6bSrXdiEyzCvG07Z44UYdLShWUyXt5M/yhz8ekcb1A=="],

    "signal-exit": ["signal-exit@4.1.0", "", {}, "sha512-bzyZ1e88w9O1iNJbKnOlvYTrWPDl46O1bG0D3XInv+9tkPrxrN8jUUTiFlDkkmKWgn1M6CfIA13SuGqOa9Korw=="],

    "slash": ["slash@3.0.0", "", {}, "sha512-g9Q1haeby36OSStwb4ntCGGGaKsaVSjQ68fBxoQcutl5fS1vuY18H3wSt3jFyFtrkx+Kz0V1G85A4MyAdDMi2Q=="],

    "spawndamnit": ["spawndamnit@3.0.1", "", { "dependencies": { "cross-spawn": "^7.0.5", "signal-exit": "^4.0.1" } }, "sha512-MmnduQUuHCoFckZoWnXsTg7JaiLBJrKFj9UI2MbRPGaJeVpsLcVBu6P/IGZovziM/YBsellCmsprgNA+w0CzVg=="],

    "sprintf-js": ["sprintf-js@1.0.3", "", {}, "sha512-D9cPgkvLlV3t3IzL0D0YLvGA9Ahk4PcvVwUbN0dSGr1aP0Nrt4AEnTUbuGvquEC0mA64Gqt1fzirlRs5ibXx8g=="],

    "strip-ansi": ["strip-ansi@6.0.1", "", { "dependencies": { "ansi-regex": "^5.0.1" } }, "sha512-Y38VPSHcqkFrCpFnQ9vuSXmquuv5oXOKpGeT6aGrr3o3Gc9AlVa6JBfUSOCnbxGGZF+/0ooI7KrPuUSztUdU5A=="],

    "strip-bom": ["strip-bom@3.0.0", "", {}, "sha512-vavAMRXOgBVNF6nyEEmL3DBK19iRpDcoIwW+swQ+CbGiu7lju6t+JklA1MHweoWtadgt4ISVUsXLyDq34ddcwA=="],

    "svelte": ["svelte@5.55.8", "", { "dependencies": { "@jridgewell/remapping": "^2.3.4", "@jridgewell/sourcemap-codec": "^1.5.0", "@sveltejs/acorn-typescript": "^1.0.5", "@types/estree": "^1.0.5", "@types/trusted-types": "^2.0.7", "acorn": "^8.12.1", "aria-query": "5.3.1", "axobject-query": "^4.1.0", "clsx": "^2.1.1", "devalue": "^5.8.1", "esm-env": "^1.2.1", "esrap": "^2.2.4", "is-reference": "^3.0.3", "locate-character": "^3.0.0", "magic-string": "^0.30.11", "zimmerframe": "^1.1.2" } }, "sha512-4D6lyrMHmDaZalQOEBMCWCCidyZjSnec14/oPn0k627G6goxcck9xqMwz1tFLlQz+ZFvtTTHfFOlUayuAz0z6Q=="],

    "term-size": ["term-size@2.2.1", "", {}, "sha512-wK0Ri4fOGjv/XPy8SBHZChl8CM7uMc5VML7SqiQ0zG7+J5Vr+RMQDoHa2CNT6KHUnTGIXH34UDMkPzAUyapBZg=="],

    "to-regex-range": ["to-regex-range@5.0.1", "", { "dependencies": { "is-number": "^7.0.0" } }, "sha512-65P7iz6X5yEr1cwcgvQxbbIw7Uk3gOy5dIdtZ4rDveLqhrdJP+Li/Hx6tyK0NEb+2GCyneCMJiGqrADCSNk8sQ=="],

    "typescript": ["typescript@6.0.3", "", { "bin": { "tsc": "bin/tsc", "tsserver": "bin/tsserver" } }, "sha512-y2TvuxSZPDyQakkFRPZHKFm+KKVqIisdg9/CZwm9ftvKXLP8NRWj38/ODjNbr43SsoXqNuAisEf1GdCxqWcdBw=="],

    "universalify": ["universalify@0.1.2", "", {}, "sha512-rBJeI5CXAlmy1pV+617WB9J63U6XcazHHF2f2dbJix4XzpUF0RS3Zbj0FGIOCAva5P/d/GBOYaACQ1w+0azUkg=="],

    "which": ["which@2.0.2", "", { "dependencies": { "isexe": "^2.0.0" }, "bin": { "node-which": "./bin/node-which" } }, "sha512-BLI3Tl1TW3Pvl70l3yq3Y64i+awpwXqsGBYWkkqMtnbXgrMD+yj7rhW0kuEDxzJaYXGjEW5ogapKNMEKNMjibA=="],

    "zimmerframe": ["zimmerframe@1.1.4", "", {}, "sha512-B58NGBEoc8Y9MWWCQGl/gq9xBCe4IiKM0a2x7GZdQKOW5Exr8S1W24J6OgM1njK8xCRGvAJIL/MxXHf6SkmQKQ=="],

    "@manypkg/find-root/fs-extra": ["fs-extra@8.1.0", "", { "dependencies": { "graceful-fs": "^4.2.0", "jsonfile": "^4.0.0", "universalify": "^0.1.0" } }, "sha512-yhlQgA6mnOJUKOsRUFsgJdQCvkKhcz8tlZG5HBQfReYZy46OwLcY+Zia0mtdHsOo9y/hP+CxMN0TU9QxoOtG4g=="],

    "@manypkg/get-packages/@changesets/types": ["@changesets/types@4.1.0", "", {}, "sha512-LDQvVDv5Kb50ny2s25Fhm3d9QSZimsoUGBsUioj6MC3qbMUCuC8GPIvk/M6IvXx3lYhAs0lwWUQLb+VIEUCECw=="],

    "@manypkg/get-packages/fs-extra": ["fs-extra@8.1.0", "", { "dependencies": { "graceful-fs": "^4.2.0", "jsonfile": "^4.0.0", "universalify": "^0.1.0" } }, "sha512-yhlQgA6mnOJUKOsRUFsgJdQCvkKhcz8tlZG5HBQfReYZy46OwLcY+Zia0mtdHsOo9y/hP+CxMN0TU9QxoOtG4g=="],

    "read-yaml-file/js-yaml": ["js-yaml@3.14.2", "", { "dependencies": { "argparse": "^1.0.7", "esprima": "^4.0.0" }, "bin": { "js-yaml": "bin/js-yaml.js" } }, "sha512-PMSmkqxr106Xa156c2M265Z+FTrPl+oxd/rgOQy2tijQeK5TxQ43psO1ZCwhVOSdnn+RzkzlRz/eY4BgJBYVpg=="],

    "read-yaml-file/js-yaml/argparse": ["argparse@1.0.10", "", { "dependencies": { "sprintf-js": "~1.0.2" } }, "sha512-o5Roy6tNG4SL/FOkCAN6RzjiakZS25RLYFrcMttJqbdd8BWrnA+fGz57iN5Pb06pvBGvl5gQ0B48dJlslXvoTg=="],
  }
}
